
Microsoft Visual Studio Solution File, Format Version 12.00
# Visual Studio Version 16
VisualStudioVersion = 16.0.31613.86
MinimumVisualStudioVersion = 10.0.40219.1
Project("{FAE04EC0-301F-11D3-BF4B-00C04F79EFBC}") = "settingsDialog", "settingsDialog\settingsDialog.csproj", "{B8072CCC-8CC5-4B9B-83C7-E07880DF9BFD}"
EndProject
Global
	GlobalSection(SolutionConfigurationPlatforms) = preSolution
		Debug|Any CPU = Debug|Any CPU
		Release|Any CPU = Release|Any CPU
	EndGlobalSection
	GlobalSection(ProjectConfigurationPlatforms) = postSolution
		{B8072CCC-8CC5-4B9B-83C7-E07880DF9BFD}.Debug|Any CPU.ActiveCfg = Debug|Any CPU
		{B8072CCC-8CC5-4B9B-83C7-E07880DF9BFD}.Debug|Any CPU.Build.0 = Debug|Any CPU
		{B8072CCC-8CC5-4B9B-83C7-E07880DF9BFD}.Release|Any CPU.ActiveCfg = Release|Any CPU
		{B8072CCC-8CC5-4B9B-83C7-E07880DF9BFD}.Release|Any CPU.Build.0 = Release|Any CPU
	EndGlobalSection
	GlobalSection(SolutionProperties) = preSolution
		HideSolutionNode = FALSE
	EndGlobalSection
	GlobalSection(ExtensibilityGlobals) = postSolution
		SolutionGuid = {FCB11C7B-11EC-4DB9-937A-1A931123D0B6}
	EndGlobalSection
EndGlobal
